// !$*UTF8*$!
{
	archiveVersion = 1;
	classes = {
	};
	objectVersion = 46;
	objects = {

/* Begin PBXBuildFile section */
		460852741E2000FE0048CF4D /* FruitExplode.sks in Resources */ = {isa = PBXBuildFile; fileRef = 460852721E2000FE0048CF4D /* FruitExplode.sks */; };
		460852751E2000FE0048CF4D /* spark.png in Resources */ = {isa = PBXBuildFile; fileRef = 460852731E2000FE0048CF4D /* spark.png */; };
		468027D41E11B0FE000F5C26 /* Assets.xcassets in Resources */ = {isa = PBXBuildFile; fileRef = 468027D31E11B0FE000F5C26 /* Assets.xcassets */; };
		46BC49931E0E93A900565039 /* AppDelegate.swift in Sources */ = {isa = PBXBuildFile; fileRef = 46BC49921E0E93A900565039 /* AppDelegate.swift */; };
		46BC49951E0E93A900565039 /* GameScene.sks in Resources */ = {isa = PBXBuildFile; fileRef = 46BC49941E0E93A900565039 /* GameScene.sks */; };
		46BC49971E0E93A900565039 /* GameScene.swift in Sources */ = {isa = PBXBuildFile; fileRef = 46BC49961E0E93A900565039 /* GameScene.swift */; };
		46BC49991E0E93A900565039 /* GameViewController.swift in Sources */ = {isa = PBXBuildFile; fileRef = 46BC49981E0E93A900565039 /* GameViewController.swift */; };
		46BC499C1E0E93A900565039 /* Main.storyboard in Resources */ = {isa = PBXBuildFile; fileRef = 46BC499A1E0E93A900565039 /* Main.storyboard */; };
		46BC49A11E0E93A900565039 /* LaunchScreen.storyboard in Resources */ = {isa = PBXBuildFile; fileRef = 46BC499F1E0E93A900565039 /* LaunchScreen.storyboard */; };
/* End PBXBuildFile section */

/* Begin PBXFileReference section */
		460852721E2000FE0048CF4D /* FruitExplode.sks */ = {isa = PBXFileReference; lastKnownFileType = file.sks; path = FruitExplode.sks; sourceTree = "<group>"; };
		460852731E2000FE0048CF4D /* spark.png */ = {isa = PBXFileReference; lastKnownFileType = image.png; path = spark.png; sourceTree = "<group>"; };
		468027D31E11B0FE000F5C26 /* Assets.xcassets */ = {isa = PBXFileReference; lastKnownFileType = folder.assetcatalog; path = Assets.xcassets; sourceTree = "<group>"; };
		46BC498F1E0E93A900565039 /* FruitKiller.app */ = {isa = PBXFileReference; explicitFileType = wrapper.application; includeInIndex = 0; path = FruitKiller.app; sourceTree = BUILT_PRODUCTS_DIR; };
		46BC49921E0E93A900565039 /* AppDelegate.swift */ = {isa = PBXFileReference; lastKnownFileType = sourcecode.swift; path = AppDelegate.swift; sourceTree = "<group>"; };
		46BC49941E0E93A900565039 /* GameScene.sks */ = {isa = PBXFileReference; lastKnownFileType = file.sks; path = GameScene.sks; sourceTree = "<group>"; };
		46BC49961E0E93A900565039 /* GameScene.swift */ = {isa = PBXFileReference; lastKnownFileType = sourcecode.swift; path = GameScene.swift; sourceTree = "<group>"; };
		46BC49981E0E93A900565039 /* GameViewController.swift */ = {isa = PBXFileReference; lastKnownFileType = sourcecode.swift; path = GameViewController.swift; sourceTree = "<group>"; };
		46BC499B1E0E93A900565039 /* Base */ = {isa = PBXFileReference; lastKnownFileType = file.storyboard; name = Base; path = Base.lproj/Main.storyboard; sourceTree = "<group>"; };
		46BC49A01E0E93A900565039 /* Base */ = {isa = PBXFileReference; lastKnownFileType = file.storyboard; name = Base; path = Base.lproj/LaunchScreen.storyboard; sourceTree = "<group>"; };
		46BC49A21E0E93A900565039 /* Info.plist */ = {isa = PBXFileReference; lastKnownFileType = text.plist.xml; path = Info.plist; sourceTree = "<group>"; };
/* End PBXFileReference section */

/* Begin PBXFrameworksBuildPhase section */
		46BC498C1E0E93A900565039 /* Frameworks */ = {
			isa = PBXFrameworksBuildPhase;
			buildActionMask = 2147483647;
			files = (
			);
			runOnlyForDeploymentPostprocessing = 0;
		};
/* End PBXFrameworksBuildPhase section */

/* Begin PBXGroup section */
		46BC49861E0E93A900565039 = {
			isa = PBXGroup;
			children = (
				46BC49911E0E93A900565039 /* FruitKiller */,
				46BC49901E0E93A900565039 /* Products */,
			);
			sourceTree = "<group>";
		};
		46BC49901E0E93A900565039 /* Products */ = {
			isa = PBXGroup;
			children = (
				46BC498F1E0E93A900565039 /* FruitKiller.app */,
			);
			name = Products;
			sourceTree = "<group>";
		};
		46BC49911E0E93A900565039 /* FruitKiller */ = {
			isa = PBXGroup;
			children = (
				46BC49921E0E93A900565039 /* AppDelegate.swift */,
				46BC49941E0E93A900565039 /* GameScene.sks */,
				46BC49961E0E93A900565039 /* GameScene.swift */,
				460852721E2000FE0048CF4D /* FruitExplode.sks */,
				460852731E2000FE0048CF4D /* spark.png */,
				468027D31E11B0FE000F5C26 /* Assets.xcassets */,
				46BC49981E0E93A900565039 /* GameViewController.swift */,
				46BC499A1E0E93A900565039 /* Main.storyboard */,
				46BC499F1E0E93A900565039 /* LaunchScreen.storyboard */,
				46BC49A21E0E93A900565039 /* Info.plist */,
			);
			path = FruitKiller;
			sourceTree = "<group>";
		};
/* End PBXGroup section */

/* Begin PBXNativeTarget section */
		46BC498E1E0E93A900565039 /* FruitKiller */ = {
			isa = PBXNativeTarget;
			buildConfigurationList = 46BC49A51E0E93A900565039 /* Build configuration list for PBXNativeTarget "FruitKiller" */;
			buildPhases = (
				46BC498B1E0E93A900565039 /* Sources */,
				46BC498C1E0E93A900565039 /* Frameworks */,
				46BC498D1E0E93A900565039 /* Resources */,
			);
			buildRules = (
			);
			dependencies = (
			);
			name = FruitKiller;
			productName = FruitKiller;
			productReference = 46BC498F1E0E93A900565039 /* FruitKiller.app */;
			productType = "com.apple.product-type.application";
		};
/* End PBXNativeTarget section */

/* Begin PBXProject section */
		46BC49871E0E93A900565039 /* Project object */ = {
			isa = PBXProject;
			attributes = {
				LastSwiftUpdateCheck = 0710;
				LastUpgradeCheck = 0710;
				ORGANIZATIONNAME = "Michal Kostewicz";
				TargetAttributes = {
					46BC498E1E0E93A900565039 = {
						CreatedOnToolsVersion = 7.1;
					};
				};
			};
			buildConfigurationList = 46BC498A1E0E93A900565039 /* Build configuration list for PBXProject "FruitKiller" */;
			compatibilityVersion = "Xcode 3.2";
			developmentRegion = English;
			hasScannedForEncodings = 0;
			knownRegions = (
				en,
				Base,
			);
			mainGroup = 46BC49861E0E93A900565039;
			productRefGroup = 46BC49901E0E93A900565039 /* Products */;
			projectDirPath = "";
			projectRoot = "";
			targets = (
				46BC498E1E0E93A900565039 /* FruitKiller */,
			);
		};
/* End PBXProject section */

/* Begin PBXResourcesBuildPhase section */
		46BC498D1E0E93A900565039 /* Resources */ = {
			isa = PBXResourcesBuildPhase;
			buildActionMask = 2147483647;
			files = (
				46BC49951E0E93A900565039 /* GameScene.sks in Resources */,
				460852751E2000FE0048CF4D /* spark.png in Resources */,
				460852741E2000FE0048CF4D /* FruitExplode.sks in Resources */,
				46BC49A11E0E93A900565039 /* LaunchScreen.storyboard in Resources */,
				468027D41E11B0FE000F5C26 /* Assets.xcassets in Resources */,
				46BC499C1E0E93A900565039 /* Main.storyboard in Resources */,
			);
			runOnlyForDeploymentPostprocessing = 0;
		};
/* End PBXResourcesBuildPhase section */

/* Begin PBXSourcesBuildPhase section */
		46BC498B1E0E93A900565039 /* Sources */ = {
			isa = PBXSourcesBuildPhase;
			buildActionMask = 2147483647;
			files = (
				46BC49971E0E93A900565039 /* GameScene.swift in Sources */,
				46BC49991E0E93A900565039 /* GameViewController.swift in Sources */,
				46BC49931E0E93A900565039 /* AppDelegate.swift in Sources */,
			);
			runOnlyForDeploymentPostprocessing = 0;
		};
/* End PBXSourcesBuildPhase section */

/* Begin PBXVariantGroup section */
		46BC499A1E0E93A900565039 /* Main.storyboard */ = {
			isa = PBXVariantGroup;
			children = (
				46BC499B1E0E93A900565039 /* Base */,
			);
			name = Main.storyboard;
			sourceTree = "<group>";
		};
		46BC499F1E0E93A900565039 /* LaunchScreen.storyboard */ = {
			isa = PBXVariantGroup;
			children = (
				46BC49A01E0E93A900565039 /* Base */,
			);
			name = LaunchScreen.storyboard;
			sourceTree = "<group>";
		};
/* End PBXVariantGroup section */

/* Begin XCBuildConfiguration section */
		46BC49A31E0E93A900565039 /* Debug */ = {
			isa = XCBuildConfiguration;
			buildSettings = {
				ALWAYS_SEARCH_USER_PATHS = NO;
				CLANG_CXX_LANGUAGE_STANDARD = "gnu++0x";
				CLANG_CXX_LIBRARY = "libc++";
				CLANG_ENABLE_MODULES = YES;
				CLANG_ENABLE_OBJC_ARC = YES;
				CLANG_WARN_BOOL_CONVERSION = YES;
				CLANG_WARN_CONSTANT_CONVERSION = YES;
				CLANG_WARN_DIRECT_OBJC_ISA_USAGE = YES_ERROR;
				CLANG_WARN_EMPTY_BODY = YES;
				CLANG_WARN_ENUM_CONVERSION = YES;
				CLANG_WARN_INT_CONVERSION = YES;
				CLANG_WARN_OBJC_ROOT_CLASS = YES_ERROR;
				CLANG_WARN_UNREACHABLE_CODE = YES;
				CLANG_WARN__DUPLICATE_METHOD_MATCH = YES;
				"CODE_SIGN_IDENTITY[sdk=iphoneos*]" = "iPhone Developer";
				COPY_PHASE_STRIP = NO;
				DEBUG_INFORMATION_FORMAT = "dwarf-with-dsym";
				ENABLE_STRICT_OBJC_MSGSEND = YES;
				ENABLE_TESTABILITY = YES;
				GCC_C_LANGUAGE_STANDARD = gnu99;
				GCC_DYNAMIC_NO_PIC = NO;
				GCC_NO_COMMON_BLOCKS = YES;
				GCC_OPTIMIZATION_LEVEL = 0;
				GCC_PREPROCESSOR_DEFINITIONS = (
					"DEBUG=1",
					"$(inherited)",
				);
				GCC_WARN_64_TO_32_BIT_CONVERSION = YES;
				GCC_WARN_ABOUT_RETURN_TYPE = YES_ERROR;
				GCC_WARN_UNDECLARED_SELECTOR = YES;
				GCC_WARN_UNINITIALIZED_AUTOS = YES_AGGRESSIVE;
				GCC_WARN_UNUSED_FUNCTION = YES;
				GCC_WARN_UNUSED_VARIABLE = YES;
				IPHONEOS_DEPLOYMENT_TARGET = 9.1;
				MTL_ENABLE_DEBUG_INFO = YES;
				ONLY_ACTIVE_ARCH = YES;
				SDKROOT = iphoneos;
				SWIFT_OPTIMIZATION_LEVEL = "-Onone";
				TARGETED_DEVICE_FAMILY = "1,2";
			};
			name = Debug;
		};
		46BC49A41E0E93A900565039 /* Release */ = {
			isa = XCBuildConfiguration;
			buildSettings = {
				ALWAYS_SEARCH_USER_PATHS = NO;
				CLANG_CXX_LANGUAGE_STANDARD = "gnu++0x";
				CLANG_CXX_LIBRARY = "libc++";
				CLANG_ENABLE_MODULES = YES;
				CLANG_ENABLE_OBJC_ARC = YES;
				CLANG_WARN_BOOL_CONVERSION = YES;
				CLANG_WARN_CONSTANT_CONVERSION = YES;
				CLANG_WARN_DIRECT_OBJC_ISA_USAGE = YES_ERROR;
				CLANG_WARN_EMPTY_BODY = YES;
				CLANG_WARN_ENUM_CONVERSION = YES;
				CLANG_WARN_INT_CONVERSION = YES;
				CLANG_WARN_OBJC_ROOT_CLASS = YES_ERROR;
				CLANG_WARN_UNREACHABLE_CODE = YES;
				CLANG_WARN__DUPLICATE_METHOD_MATCH = YES;
				"CODE_SIGN_IDENTITY[sdk=iphoneos*]" = "iPhone Developer";
				COPY_PHASE_STRIP = NO;
				DEBUG_INFORMATION_FORMAT = "dwarf-with-dsym";
				ENABLE_NS_ASSERTIONS = NO;
				ENABLE_STRICT_OBJC_MSGSEND = YES;
				GCC_C_LANGUAGE_STANDARD = gnu99;
				GCC_NO_COMMON_BLOCKS = YES;
				GCC_WARN_64_TO_32_BIT_CONVERSION = YES;
				GCC_WARN_ABOUT_RETURN_TYPE = YES_ERROR;
				GCC_WARN_UNDECLARED_SELECTOR = YES;
				GCC_WARN_UNINITIALIZED_AUTOS = YES_AGGRESSIVE;
				GCC_WARN_UNUSED_FUNCTION = YES;
				GCC_WARN_UNUSED_VARIABLE = YES;
				IPHONEOS_DEPLOYMENT_TARGET = 9.1;
				MTL_ENABLE_DEBUG_INFO = NO;
				SDKROOT = iphoneos;
				TARGETED_DEVICE_FAMILY = "1,2";
				VALIDATE_PRODUCT = YES;
			};
			name = Release;
		};
		46BC49A61E0E93A900565039 /* Debug */ = {
			isa = XCBuildConfiguration;
			buildSettings = {
				ASSETCATALOG_COMPILER_APPICON_NAME = AppIcon;
				INFOPLIST_FILE = FruitKiller/Info.plist;
				IPHONEOS_DEPLOYMENT_TARGET = 9.0;
				LD_RUNPATH_SEARCH_PATHS = "$(inherited) @executable_path/Frameworks";
				PRODUCT_BUNDLE_IDENTIFIER = "pl.code-addict.FruitKiller";
				PRODUCT_NAME = "$(TARGET_NAME)";
				TARGETED_DEVICE_FAMILY = "1,2";
				WATCHOS_DEPLOYMENT_TARGET = 2.0;
			};
			name = Debug;
		};
		46BC49A71E0E93A900565039 /* Release */ = {
			isa = XCBuildConfiguration;
			buildSettings = {
				ASSETCATALOG_COMPILER_APPICON_NAME = AppIcon;
				INFOPLIST_FILE = FruitKiller/Info.plist;
				IPHONEOS_DEPLOYMENT_TARGET = 9.0;
				LD_RUNPATH_SEARCH_PATHS = "$(inherited) @executable_path/Frameworks";
				PRODUCT_BUNDLE_IDENTIFIER = "pl.code-addict.FruitKiller";
				PRODUCT_NAME = "$(TARGET_NAME)";
				TARGETED_DEVICE_FAMILY = "1,2";
				WATCHOS_DEPLOYMENT_TARGET = 2.0;
			};
			name = Release;
		};
/* End XCBuildConfiguration section */

/* Begin XCConfigurationList section */
		46BC498A1E0E93A900565039 /* Build configuration list for PBXProject "FruitKiller" */ = {
			isa = XCConfigurationList;
			buildConfigurations = (
				46BC49A31E0E93A900565039 /* Debug */,
				46BC49A41E0E93A900565039 /* Release */,
			);
			defaultConfigurationIsVisible = 0;
			defaultConfigurationName = Release;
		};
		46BC49A51E0E93A900565039 /* Build configuration list for PBXNativeTarget "FruitKiller" */ = {
			isa = XCConfigurationList;
			buildConfigurations = (
				46BC49A61E0E93A900565039 /* Debug */,
				46BC49A71E0E93A900565039 /* Release */,
			);
			defaultConfigurationIsVisible = 0;
			defaultConfigurationName = Release;
		};
/* End XCConfigurationList section */
	};
	rootObject = 46BC49871E0E93A900565039 /* Project object */;
}
